
Microsoft Visual Studio Solution File, Format Version 12.00
# Visual Studio Version 17
VisualStudioVersion = 17.11.35431.28
MinimumVisualStudioVersion = 10.0.40219.1
Project("{FAE04EC0-301F-11D3-BF4B-00C04F79EFBC}") = "Maui_app", "Maui_app\Maui_app.csproj", "{A54D96C6-9D47-4911-811D-7814B1843289}"
EndProject
Project("{FAE04EC0-301F-11D3-BF4B-00C04F79EFBC}") = "Alignment", "Alignment\Alignment.csproj", "{0467F760-A27A-4BEB-878B-E72D90B6DD80}"
EndProject
Project("{FAE04EC0-301F-11D3-BF4B-00C04F79EFBC}") = "TipCalculator", "TipCalculator\TipCalculator.csproj", "{B617119F-532B-450E-BA0D-7119FE2EA4F3}"
EndProject
Project("{FAE04EC0-301F-11D3-BF4B-00C04F79EFBC}") = "Astronomy", "D:\VSC_MAUI_DOWNLOADS\mslearn-dotnetmaui-create-multi-page-apps\exercise1\start\Astronomy\Astronomy\Astronomy.csproj", "{C5A60B98-8F05-4EA7-989E-DA7223BF2A55}"
EndProject
Global
	GlobalSection(SolutionConfigurationPlatforms) = preSolution
		Debug|Any CPU = Debug|Any CPU
		Release|Any CPU = Release|Any CPU
	EndGlobalSection
	GlobalSection(ProjectConfigurationPlatforms) = postSolution
		{A54D96C6-9D47-4911-811D-7814B1843289}.Debug|Any CPU.ActiveCfg = Debug|Any CPU
		{A54D96C6-9D47-4911-811D-7814B1843289}.Debug|Any CPU.Build.0 = Debug|Any CPU
		{A54D96C6-9D47-4911-811D-7814B1843289}.Debug|Any CPU.Deploy.0 = Debug|Any CPU
		{A54D96C6-9D47-4911-811D-7814B1843289}.Release|Any CPU.ActiveCfg = Release|Any CPU
		{A54D96C6-9D47-4911-811D-7814B1843289}.Release|Any CPU.Build.0 = Release|Any CPU
		{A54D96C6-9D47-4911-811D-7814B1843289}.Release|Any CPU.Deploy.0 = Release|Any CPU
		{0467F760-A27A-4BEB-878B-E72D90B6DD80}.Debug|Any CPU.ActiveCfg = Debug|Any CPU
		{0467F760-A27A-4BEB-878B-E72D90B6DD80}.Debug|Any CPU.Build.0 = Debug|Any CPU
		{0467F760-A27A-4BEB-878B-E72D90B6DD80}.Debug|Any CPU.Deploy.0 = Debug|Any CPU
		{0467F760-A27A-4BEB-878B-E72D90B6DD80}.Release|Any CPU.ActiveCfg = Release|Any CPU
		{0467F760-A27A-4BEB-878B-E72D90B6DD80}.Release|Any CPU.Build.0 = Release|Any CPU
		{0467F760-A27A-4BEB-878B-E72D90B6DD80}.Release|Any CPU.Deploy.0 = Release|Any CPU
		{B617119F-532B-450E-BA0D-7119FE2EA4F3}.Debug|Any CPU.ActiveCfg = Debug|Any CPU
		{B617119F-532B-450E-BA0D-7119FE2EA4F3}.Debug|Any CPU.Build.0 = Debug|Any CPU
		{B617119F-532B-450E-BA0D-7119FE2EA4F3}.Debug|Any CPU.Deploy.0 = Debug|Any CPU
		{B617119F-532B-450E-BA0D-7119FE2EA4F3}.Release|Any CPU.ActiveCfg = Release|Any CPU
		{B617119F-532B-450E-BA0D-7119FE2EA4F3}.Release|Any CPU.Build.0 = Release|Any CPU
		{B617119F-532B-450E-BA0D-7119FE2EA4F3}.Release|Any CPU.Deploy.0 = Release|Any CPU
		{C5A60B98-8F05-4EA7-989E-DA7223BF2A55}.Debug|Any CPU.ActiveCfg = Debug|Any CPU
		{C5A60B98-8F05-4EA7-989E-DA7223BF2A55}.Debug|Any CPU.Build.0 = Debug|Any CPU
		{C5A60B98-8F05-4EA7-989E-DA7223BF2A55}.Debug|Any CPU.Deploy.0 = Debug|Any CPU
		{C5A60B98-8F05-4EA7-989E-DA7223BF2A55}.Release|Any CPU.ActiveCfg = Release|Any CPU
		{C5A60B98-8F05-4EA7-989E-DA7223BF2A55}.Release|Any CPU.Build.0 = Release|Any CPU
		{C5A60B98-8F05-4EA7-989E-DA7223BF2A55}.Release|Any CPU.Deploy.0 = Release|Any CPU
	EndGlobalSection
	GlobalSection(SolutionProperties) = preSolution
		HideSolutionNode = FALSE
	EndGlobalSection
	GlobalSection(ExtensibilityGlobals) = postSolution
		SolutionGuid = {A76E1017-0DC0-4459-855A-260F5274A0FB}
	EndGlobalSection
EndGlobal
